
Microsoft Visual Studio Solution File, Format Version 12.00
# Visual Studio Version 16
VisualStudioVersion = 16.0.30011.22
MinimumVisualStudioVersion = 10.0.40219.1
Project("{FAE04EC0-301F-11D3-BF4B-00C04F79EFBC}") = "ObjectDetection", "ObjectDetection\ObjectDetection.csproj", "{F8CFF191-8BCE-4382-AB0F-897E5775101B}"
EndProject
Global
	GlobalSection(SolutionConfigurationPlatforms) = preSolution
		Debug|Any CPU = Debug|Any CPU
		Release|Any CPU = Release|Any CPU
	EndGlobalSection
	GlobalSection(ProjectConfigurationPlatforms) = postSolution
		{F8CFF191-8BCE-4382-AB0F-897E5775101B}.Debug|Any CPU.ActiveCfg = Debug|Any CPU
		{F8CFF191-8BCE-4382-AB0F-897E5775101B}.Debug|Any CPU.Build.0 = Debug|Any CPU
		{F8CFF191-8BCE-4382-AB0F-897E5775101B}.Release|Any CPU.ActiveCfg = Release|Any CPU
		{F8CFF191-8BCE-4382-AB0F-897E5775101B}.Release|Any CPU.Build.0 = Release|Any CPU
	EndGlobalSection
	GlobalSection(SolutionProperties) = preSolution
		HideSolutionNode = FALSE
	EndGlobalSection
	GlobalSection(ExtensibilityGlobals) = postSolution
		SolutionGuid = {D54B1AA6-60ED-42EB-83DC-BC631E6715FF}
	EndGlobalSection
EndGlobal
